---
ID: "c2ff84a4-3e1a-44b0-a09d-5e531a5e159a"
Parent: "133dc4ae-4d59-4891-907e-972f510d5af7"
Template: "04646a89-996f-4ee7-878a-ffdbf1f0ef0d"
Path: /sitecore/layout/Renderings/Feature/MediaCenter/Article Block
DB: master
SharedFields:
- ID: "037fe404-dd19-4bf7-8e30-4dadf68b27b0"
  Hint: componentName
  Value: Article Block
- ID: "069a8361-b1cd-437c-8c32-a3be78941446"
  Hint: Placeholders
  Type: Treelist
  Value: "{8B718BC6-7812-449B-BA4D-A30D7D46C40B}"
- ID: "06d5295c-ed2f-4a54-9bf2-26228d113318"
  Hint: __Icon
  Value: Office/32x32/document_orientation_portrait.png
- ID: "1084d3d2-0457-456a-abbc-eb4cc0966072"
  Hint: VaryByQueryString
  Type: Checkbox
  Value: 1
- ID: "3d08db46-2267-41b0-bc52-be69fd618633"
  Hint: Cacheable
  Type: Checkbox
  Value: 1
- ID: "b0b15510-b138-470e-8f33-8da2e228aafe"
  Hint: Rendering Contents Resolver
  Value: 
Languages:
- Language: en
  Versions:
  - Version: 1
    Fields:
    - ID: "25bed78c-4957-4165-998a-ca1b52f67497"
      Hint: __Created
      Value: 20200410T145251Z
