---
ID: "58f1fc06-fd13-43d7-bb70-33d1f90d5b56"
Parent: "05702a97-7991-4bba-a775-50aabe835334"
Template: "04646a89-996f-4ee7-878a-ffdbf1f0ef0d"
Path: /sitecore/layout/Renderings/Feature/PageContent/Not Available Block
DB: master
SharedFields:
- ID: "037fe404-dd19-4bf7-8e30-4dadf68b27b0"
  Hint: componentName
  Value: Not Available Block
- ID: "06d5295c-ed2f-4a54-9bf2-26228d113318"
  Hint: __Icon
  Value: office/32x32/emoticon_cry.png
Languages:
- Language: en
  Versions:
  - Version: 1
    Fields:
    - ID: "25bed78c-4957-4165-998a-ca1b52f67497"
      Hint: __Created
      Value: 20191010T132429Z
