---
ID: "dbdbc5c1-edd5-4d40-bb28-db11ac480487"
Parent: "05702a97-7991-4bba-a775-50aabe835334"
Template: "04646a89-996f-4ee7-878a-ffdbf1f0ef0d"
Path: /sitecore/layout/Renderings/Feature/PageContent/Not Found Block
DB: master
SharedFields:
- ID: "037fe404-dd19-4bf7-8e30-4dadf68b27b0"
  Hint: componentName
  Value: Not Found Block
- ID: "06d5295c-ed2f-4a54-9bf2-26228d113318"
  Hint: __Icon
  Value: office/32x32/sign_stop.png
- ID: "b0b15510-b138-470e-8f33-8da2e228aafe"
  Hint: Rendering Contents Resolver
  Value: "{6CCCBCDE-5E95-44E4-AE66-CFE7D3A0589E}"
Languages:
- Language: en
  Versions:
  - Version: 1
    Fields:
    - ID: "25bed78c-4957-4165-998a-ca1b52f67497"
      Hint: __Created
      Value: 20191029T114744Z
