---
ID: "407d64cf-69a8-4a04-806f-0b048c4e7a71"
Parent: "05702a97-7991-4bba-a775-50aabe835334"
Template: "04646a89-996f-4ee7-878a-ffdbf1f0ef0d"
Path: /sitecore/layout/Renderings/Feature/PageContent/Sitemap Block
DB: master
SharedFields:
- ID: "037fe404-dd19-4bf7-8e30-4dadf68b27b0"
  Hint: componentName
  Value: Sitemap Block
- ID: "06d5295c-ed2f-4a54-9bf2-26228d113318"
  Hint: __Icon
  Value: Office/32x32/map_route.png
- ID: "1a7c85e5-dc0b-490d-9187-bb1dbcb4c72f"
  Hint: Datasource Template
  Value: /sitecore/templates/Feature/PageContent/Sitemap Block
- ID: "3d08db46-2267-41b0-bc52-be69fd618633"
  Hint: Cacheable
  Type: Checkbox
  Value: 1
- ID: "8b6d532b-6128-4486-a044-ca06d90948ba"
  Hint: VaryByData
  Type: Checkbox
  Value: 1
- ID: "b0b15510-b138-470e-8f33-8da2e228aafe"
  Hint: Rendering Contents Resolver
  Value: "{831BB9C2-5CE7-4A4B-B128-6DCF0845CF7E}"
- ID: "b5b27af1-25ef-405c-87ce-369b3a004016"
  Hint: Datasource Location
  Value: ./Page Componets
Languages:
- Language: en
  Versions:
  - Version: 1
    Fields:
    - ID: "25bed78c-4957-4165-998a-ca1b52f67497"
      Hint: __Created
      Value: 20200207T092929Z
