---
ID: "c425f05c-0b8b-4eec-b528-360e18f4eb17"
Parent: "e275d40b-0b1b-40ab-879d-bfbcbf2faf40"
Template: "04646a89-996f-4ee7-878a-ffdbf1f0ef0d"
Path: /sitecore/layout/Renderings/Feature/Destinations/Destination Info Block
DB: master
SharedFields:
- ID: "037fe404-dd19-4bf7-8e30-4dadf68b27b0"
  Hint: componentName
  Value: Destination Info Block
- ID: "069a8361-b1cd-437c-8c32-a3be78941446"
  Hint: Placeholders
  Type: Treelist
  Value: "{E248B68B-4762-4C6D-86D2-D755FAB13088}"
- ID: "06d5295c-ed2f-4a54-9bf2-26228d113318"
  Hint: __Icon
  Value: Office/32x32/information.png
- ID: "1a7c85e5-dc0b-490d-9187-bb1dbcb4c72f"
  Hint: Datasource Template
  Value: /sitecore/templates/Feature/Destinations/Destination Info Block
- ID: "3ad2506a-dc39-4b1e-959f-9d524addbf50"
  Hint: VaryByParm
  Type: Checkbox
  Value: 1
- ID: "3d08db46-2267-41b0-bc52-be69fd618633"
  Hint: Cacheable
  Type: Checkbox
  Value: 1
- ID: "8b6d532b-6128-4486-a044-ca06d90948ba"
  Hint: VaryByData
  Type: Checkbox
  Value: 1
- ID: "a77e8568-1ab3-44f1-a664-b7c37ec7810d"
  Hint: Parameters Template
  Value: "{EE77C449-BB8F-4783-8F71-E01D0EBC7DD2}"
- ID: "b0b15510-b138-470e-8f33-8da2e228aafe"
  Hint: Rendering Contents Resolver
  Value: "{3DF775BF-3F56-446F-9D81-43DE64DA4DDA}"
- ID: "b5b27af1-25ef-405c-87ce-369b3a004016"
  Hint: Datasource Location
  Value: ./Page Components
Languages:
- Language: en
  Versions:
  - Version: 1
    Fields:
    - ID: "25bed78c-4957-4165-998a-ca1b52f67497"
      Hint: __Created
      Value: 20210622T063933Z
