---
ID: "89ef4dda-bd3c-4b53-a6f4-75ccc75a175f"
Parent: "b1807297-0946-4cba-8a73-c40210d29e3f"
Template: "c1c6c440-f7eb-415b-ae45-416344deaf0f"
Path: /sitecore/templates/Branches/Foundation/Multisite/Hotels Sitemap/$name/Page Components/Sitemap Block
DB: master
Languages:
- Language: en
  Versions:
  - Version: 1
    Fields:
    - ID: "25bed78c-4957-4165-998a-ca1b52f67497"
      Hint: __Created
      Value: 20260319T233133Z
    - ID: "5dd74568-4d4b-44c1-b513-0af5f4cda34f"
      Hint: __Created by
      Value: |
        sitecore\Admin
    - ID: "d900f48c-f7a2-4151-b718-91830cebc012"
      Hint: Sections
      Type: Multilist
      Value: "{E8D32035-6D3E-4487-880D-85E10330E037}"
