---
ID: "93556e9e-cdaa-4552-b0c0-3ba8fe0ef575"
Parent: "6ab6a66b-bf21-4d9e-b375-875415cc6571"
Template: "e269fbb5-3750-427a-9149-7aa950b49301"
Path: /sitecore/templates/Feature/PageContent/Customers Feedback/Footer Block
DB: master
SharedFields:
- ID: "ba3f86a2-4a1c-4d78-b63d-91c2779c1b5e"
  Hint: __Sortorder
  Value: 200
Languages:
- Language: en
  Versions:
  - Version: 1
    Fields:
    - ID: "25bed78c-4957-4165-998a-ca1b52f67497"
      Hint: __Created
      Value: 20221214T140750Z
    - ID: "5dd74568-4d4b-44c1-b513-0af5f4cda34f"
      Hint: __Created by
      Value: |
        sitecore\Admin
