---
ID: "cd7f6639-063d-418f-b8d0-66be4fde3dc3"
Parent: "f4bc909d-d674-47b8-920a-57fc9ecb96b1"
Template: "e269fbb5-3750-427a-9149-7aa950b49301"
Path: /sitecore/templates/Feature/PageContent/Feedback Form/Header block
DB: master
Languages:
- Language: en
  Versions:
  - Version: 1
    Fields:
    - ID: "25bed78c-4957-4165-998a-ca1b52f67497"
      Hint: __Created
      Value: 20221010T192427Z
    - ID: "5dd74568-4d4b-44c1-b513-0af5f4cda34f"
      Hint: __Created by
      Value: |
        sitecore\Admin
