---
ID: "198ead5d-be53-4c05-9415-bb9765b3bd45"
Parent: "4fd98254-df2d-4bef-8db1-61e1f36229af"
Template: "547d5bb4-2422-48cd-bd1c-95f2bdb6ca82"
Path: "/sitecore/content/EasyJet/TradePortal/Home/Root/Info/Protection-promise/Page Components/Protected Block"
DB: master
SharedFields:
- ID: "2ac68cbe-4398-4403-94c5-c1ec0c0aa2d5"
  Hint: AtolImage
  Value: |
    <image mediaid="{977147C5-7804-4007-A807-0425270F774E}" />
- ID: "3990e333-80da-4763-ba6d-8da7156981c0"
  Hint: AbtaImage
  Value: |
    <image mediaid="{5C825CDD-8163-425E-95DC-B8BDD6D4FA1C}" />
- ID: "ba3f86a2-4a1c-4d78-b63d-91c2779c1b5e"
  Hint: __Sortorder
  Value: 150
Languages:
- Language: en
  Versions:
  - Version: 1
    Fields:
    - ID: "25bed78c-4957-4165-998a-ca1b52f67497"
      Hint: __Created
      Value: 20200709T110920Z
    - ID: "2ad21529-dbf2-46fd-b942-bfaa75178d61"
      Hint: AbtaTitle
      Value: Members of ABTA
    - ID: "5dd74568-4d4b-44c1-b513-0af5f4cda34f"
      Hint: __Created by
      Value: |
        sitecore\Unicorn
    - ID: "6114342e-4e07-4ebf-b80e-32e2ede4ff28"
      Hint: AtolText
      Value: |
        <p>All our holidays are financially protected under the <a rel="noopener noreferrer" href="https://www.easyjet.com/en/policy/atol?utm_source=easyjetholidays_en&amp;utm_medium=holidays&amp;utm_campaign=holidays_footer" target="_blank">ATOL scheme</a>, giving you total peace of mind when you book with us.</p>
    - ID: "a372dafe-af5e-4e49-ae9e-ce8cd1153605"
      Hint: AtolTitle
      Value: 100% ATOL protected
    - ID: "eb68d99d-8422-4919-88ea-175a94f647fd"
      Hint: AbtaText
      Value: |
        <p>We work closely with ABTA on hotel standards, safety & advice for travellers. Find more advice on their <a rel="noopener noreferrer" rel="noopener noreferrer" href="https://www.abta.com/tips-and-advice" target="_blank">website</a></p>
