---
ID: "f7101880-f346-4963-a73a-789bb0f16ead"
Parent: "44656d4b-7776-41a6-a245-20ca85f0eafd"
Template: "bd18aa14-c33d-4e76-b5f4-59cbb936be31"
Path: /sitecore/content/EasyJet/TradePortal/Home/Find Booking/Page Components/Text Blocks/Find a booking top block
DB: master
Languages:
- Language: en
  Versions:
  - Version: 1
    Fields:
    - ID: "1bcb03a7-4102-44c6-89b0-e33b7ea715c4"
      Hint: Description
      Value: Eleifend facilisi quisque dui velit venenatis. Elementum in id amet dolor, nulla.
    - ID: "25bed78c-4957-4165-998a-ca1b52f67497"
      Hint: __Created
      Value: 20221027T123248Z
    - ID: "5dd74568-4d4b-44c1-b513-0af5f4cda34f"
      Hint: __Created by
      Value: |
        sitecore\Admin
    - ID: "d31e526b-9b2e-42be-8ee5-7c794818fecf"
      Hint: Title
      Value: Find a Booking
